
Microsoft Visual Studio Solution File, Format Version 12.00
# Visual Studio Version 17
VisualStudioVersion = 17.6.33815.320
MinimumVisualStudioVersion = 10.0.40219.1
Project("{FAE04EC0-301F-11D3-BF4B-00C04F79EFBC}") = "UserRegistrationSystem", "UserRegistrationSystem\UserRegistrationSystem.csproj", "{0C739E49-D835-4092-8B12-DB31AFF44687}"
EndProject
Project("{FAE04EC0-301F-11D3-BF4B-00C04F79EFBC}") = "UserRegistrationSystem.UnitTests", "UserRegistrationSystem.UnitTests\UserRegistrationSystem.UnitTests.csproj", "{7603DA8D-3E3B-4BF6-B3F3-A88BD20F9710}"
EndProject
Project("{FAE04EC0-301F-11D3-BF4B-00C04F79EFBC}") = "ClientConsoleApp", "ClientConsoleApp\ClientConsoleApp.csproj", "{9C9FDF3D-69FF-4BDB-96E8-6C16C1B1F9B4}"
EndProject
Global
	GlobalSection(SolutionConfigurationPlatforms) = preSolution
		Debug|Any CPU = Debug|Any CPU
		Release|Any CPU = Release|Any CPU
	EndGlobalSection
	GlobalSection(ProjectConfigurationPlatforms) = postSolution
		{0C739E49-D835-4092-8B12-DB31AFF44687}.Debug|Any CPU.ActiveCfg = Debug|Any CPU
		{0C739E49-D835-4092-8B12-DB31AFF44687}.Debug|Any CPU.Build.0 = Debug|Any CPU
		{0C739E49-D835-4092-8B12-DB31AFF44687}.Release|Any CPU.ActiveCfg = Release|Any CPU
		{0C739E49-D835-4092-8B12-DB31AFF44687}.Release|Any CPU.Build.0 = Release|Any CPU
		{7603DA8D-3E3B-4BF6-B3F3-A88BD20F9710}.Debug|Any CPU.ActiveCfg = Debug|Any CPU
		{7603DA8D-3E3B-4BF6-B3F3-A88BD20F9710}.Debug|Any CPU.Build.0 = Debug|Any CPU
		{7603DA8D-3E3B-4BF6-B3F3-A88BD20F9710}.Release|Any CPU.ActiveCfg = Release|Any CPU
		{7603DA8D-3E3B-4BF6-B3F3-A88BD20F9710}.Release|Any CPU.Build.0 = Release|Any CPU
		{9C9FDF3D-69FF-4BDB-96E8-6C16C1B1F9B4}.Debug|Any CPU.ActiveCfg = Debug|Any CPU
		{9C9FDF3D-69FF-4BDB-96E8-6C16C1B1F9B4}.Debug|Any CPU.Build.0 = Debug|Any CPU
		{9C9FDF3D-69FF-4BDB-96E8-6C16C1B1F9B4}.Release|Any CPU.ActiveCfg = Release|Any CPU
		{9C9FDF3D-69FF-4BDB-96E8-6C16C1B1F9B4}.Release|Any CPU.Build.0 = Release|Any CPU
	EndGlobalSection
	GlobalSection(SolutionProperties) = preSolution
		HideSolutionNode = FALSE
	EndGlobalSection
	GlobalSection(ExtensibilityGlobals) = postSolution
		SolutionGuid = {C3D526D7-7F22-4A9A-A9C4-9B90AD7C252F}
	EndGlobalSection
EndGlobal
